// !$*UTF8*$!
{
	archiveVersion = 1;
	classes = {
	};
	objectVersion = 51;
	objects = {

/* Begin PBXBuildFile section */
		46CCC8C317DF984CDB78726D /* Pods_RxFLO.framework in Frameworks */ = {isa = PBXBuildFile; fileRef = EA8BCCC92FE8B6BAE50E1EDF /* Pods_RxFLO.framework */; };
		5B98F24025BF43D40021D989 /* AppDelegate.swift in Sources */ = {isa = PBXBuildFile; fileRef = 5B98F23F25BF43D40021D989 /* AppDelegate.swift */; };
		5B98F24225BF43D40021D989 /* SceneDelegate.swift in Sources */ = {isa = PBXBuildFile; fileRef = 5B98F24125BF43D40021D989 /* SceneDelegate.swift */; };
		5B98F24725BF43D40021D989 /* Main.storyboard in Resources */ = {isa = PBXBuildFile; fileRef = 5B98F24525BF43D40021D989 /* Main.storyboard */; };
		5B98F24925BF43D60021D989 /* Assets.xcassets in Resources */ = {isa = PBXBuildFile; fileRef = 5B98F24825BF43D60021D989 /* Assets.xcassets */; };
		5B98F24C25BF43D70021D989 /* LaunchScreen.storyboard in Resources */ = {isa = PBXBuildFile; fileRef = 5B98F24A25BF43D70021D989 /* LaunchScreen.storyboard */; };
		5B98F25F25BF44A50021D989 /* Scene.swift in Sources */ = {isa = PBXBuildFile; fileRef = 5B98F25E25BF44A50021D989 /* Scene.swift */; };
		5B98F26325BF450C0021D989 /* SceneCoordinatorType.swift in Sources */ = {isa = PBXBuildFile; fileRef = 5B98F26225BF450C0021D989 /* SceneCoordinatorType.swift */; };
		5B98F26625BF451D0021D989 /* SceneCoordinator.swift in Sources */ = {isa = PBXBuildFile; fileRef = 5B98F26525BF451D0021D989 /* SceneCoordinator.swift */; };
		5B98F26F25BF45AC0021D989 /* MainMusicViewController.swift in Sources */ = {isa = PBXBuildFile; fileRef = 5B98F26E25BF45AC0021D989 /* MainMusicViewController.swift */; };
		5B98F27325BF45CE0021D989 /* MainMusicViewModel.swift in Sources */ = {isa = PBXBuildFile; fileRef = 5B98F27225BF45CE0021D989 /* MainMusicViewModel.swift */; };
		5B98F27725BF46970021D989 /* TransitionModel.swift in Sources */ = {isa = PBXBuildFile; fileRef = 5B98F27625BF46970021D989 /* TransitionModel.swift */; };
		5B98F27B25BF48D00021D989 /* ViewModelBindableType.swift in Sources */ = {isa = PBXBuildFile; fileRef = 5B98F27A25BF48D00021D989 /* ViewModelBindableType.swift */; };
		5B98F27F25BF4A240021D989 /* CommonViewModel.swift in Sources */ = {isa = PBXBuildFile; fileRef = 5B98F27E25BF4A240021D989 /* CommonViewModel.swift */; };
		5B98F28325BF4FF00021D989 /* MusicLoader.swift in Sources */ = {isa = PBXBuildFile; fileRef = 5B98F28225BF4FF00021D989 /* MusicLoader.swift */; };
		5B98F28725BF51840021D989 /* Music.swift in Sources */ = {isa = PBXBuildFile; fileRef = 5B98F28625BF51840021D989 /* Music.swift */; };
		5B98F28D25BF55FF0021D989 /* MusicPlayer.swift in Sources */ = {isa = PBXBuildFile; fileRef = 5B98F28C25BF55FF0021D989 /* MusicPlayer.swift */; };
/* End PBXBuildFile section */

/* Begin PBXFileReference section */
		5B98F23C25BF43D40021D989 /* RxFLO.app */ = {isa = PBXFileReference; explicitFileType = wrapper.application; includeInIndex = 0; path = RxFLO.app; sourceTree = BUILT_PRODUCTS_DIR; };
		5B98F23F25BF43D40021D989 /* AppDelegate.swift */ = {isa = PBXFileReference; lastKnownFileType = sourcecode.swift; path = AppDelegate.swift; sourceTree = "<group>"; };
		5B98F24125BF43D40021D989 /* SceneDelegate.swift */ = {isa = PBXFileReference; lastKnownFileType = sourcecode.swift; path = SceneDelegate.swift; sourceTree = "<group>"; };
		5B98F24625BF43D40021D989 /* Base */ = {isa = PBXFileReference; lastKnownFileType = file.storyboard; name = Base; path = Base.lproj/Main.storyboard; sourceTree = "<group>"; };
		5B98F24825BF43D60021D989 /* Assets.xcassets */ = {isa = PBXFileReference; lastKnownFileType = folder.assetcatalog; path = Assets.xcassets; sourceTree = "<group>"; };
		5B98F24B25BF43D70021D989 /* Base */ = {isa = PBXFileReference; lastKnownFileType = file.storyboard; name = Base; path = Base.lproj/LaunchScreen.storyboard; sourceTree = "<group>"; };
		5B98F24D25BF43D70021D989 /* Info.plist */ = {isa = PBXFileReference; lastKnownFileType = text.plist.xml; path = Info.plist; sourceTree = "<group>"; };
		5B98F25E25BF44A50021D989 /* Scene.swift */ = {isa = PBXFileReference; lastKnownFileType = sourcecode.swift; path = Scene.swift; sourceTree = "<group>"; };
		5B98F26225BF450C0021D989 /* SceneCoordinatorType.swift */ = {isa = PBXFileReference; lastKnownFileType = sourcecode.swift; path = SceneCoordinatorType.swift; sourceTree = "<group>"; };
		5B98F26525BF451D0021D989 /* SceneCoordinator.swift */ = {isa = PBXFileReference; lastKnownFileType = sourcecode.swift; path = SceneCoordinator.swift; sourceTree = "<group>"; };
		5B98F26E25BF45AC0021D989 /* MainMusicViewController.swift */ = {isa = PBXFileReference; lastKnownFileType = sourcecode.swift; path = MainMusicViewController.swift; sourceTree = "<group>"; };
		5B98F27225BF45CE0021D989 /* MainMusicViewModel.swift */ = {isa = PBXFileReference; lastKnownFileType = sourcecode.swift; path = MainMusicViewModel.swift; sourceTree = "<group>"; };
		5B98F27625BF46970021D989 /* TransitionModel.swift */ = {isa = PBXFileReference; lastKnownFileType = sourcecode.swift; path = TransitionModel.swift; sourceTree = "<group>"; };
		5B98F27A25BF48D00021D989 /* ViewModelBindableType.swift */ = {isa = PBXFileReference; lastKnownFileType = sourcecode.swift; path = ViewModelBindableType.swift; sourceTree = "<group>"; };
		5B98F27E25BF4A240021D989 /* CommonViewModel.swift */ = {isa = PBXFileReference; lastKnownFileType = sourcecode.swift; path = CommonViewModel.swift; sourceTree = "<group>"; };
		5B98F28225BF4FF00021D989 /* MusicLoader.swift */ = {isa = PBXFileReference; lastKnownFileType = sourcecode.swift; path = MusicLoader.swift; sourceTree = "<group>"; };
		5B98F28625BF51840021D989 /* Music.swift */ = {isa = PBXFileReference; lastKnownFileType = sourcecode.swift; path = Music.swift; sourceTree = "<group>"; };
		5B98F28C25BF55FF0021D989 /* MusicPlayer.swift */ = {isa = PBXFileReference; lastKnownFileType = sourcecode.swift; path = MusicPlayer.swift; sourceTree = "<group>"; };
		80622855149A6FF16E1D4710 /* Pods-RxFLO.debug.xcconfig */ = {isa = PBXFileReference; includeInIndex = 1; lastKnownFileType = text.xcconfig; name = "Pods-RxFLO.debug.xcconfig"; path = "Target Support Files/Pods-RxFLO/Pods-RxFLO.debug.xcconfig"; sourceTree = "<group>"; };
		AB5E61A6E83E81025EEB91D5 /* Pods-RxFLO.release.xcconfig */ = {isa = PBXFileReference; includeInIndex = 1; lastKnownFileType = text.xcconfig; name = "Pods-RxFLO.release.xcconfig"; path = "Target Support Files/Pods-RxFLO/Pods-RxFLO.release.xcconfig"; sourceTree = "<group>"; };
		EA8BCCC92FE8B6BAE50E1EDF /* Pods_RxFLO.framework */ = {isa = PBXFileReference; explicitFileType = wrapper.framework; includeInIndex = 0; path = Pods_RxFLO.framework; sourceTree = BUILT_PRODUCTS_DIR; };
/* End PBXFileReference section */

/* Begin PBXFrameworksBuildPhase section */
		5B98F23925BF43D40021D989 /* Frameworks */ = {
			isa = PBXFrameworksBuildPhase;
			buildActionMask = 2147483647;
			files = (
				46CCC8C317DF984CDB78726D /* Pods_RxFLO.framework in Frameworks */,
			);
			runOnlyForDeploymentPostprocessing = 0;
		};
/* End PBXFrameworksBuildPhase section */

/* Begin PBXGroup section */
		5B98F23325BF43D40021D989 = {
			isa = PBXGroup;
			children = (
				5B98F23E25BF43D40021D989 /* RxFLO */,
				5B98F23D25BF43D40021D989 /* Products */,
				D0039E422AA2D1FC6F7ED559 /* Pods */,
				911E0E280D3659DDC82121C5 /* Frameworks */,
			);
			sourceTree = "<group>";
		};
		5B98F23D25BF43D40021D989 /* Products */ = {
			isa = PBXGroup;
			children = (
				5B98F23C25BF43D40021D989 /* RxFLO.app */,
			);
			name = Products;
			sourceTree = "<group>";
		};
		5B98F23E25BF43D40021D989 /* RxFLO */ = {
			isa = PBXGroup;
			children = (
				5B98F28125BF4FD20021D989 /* Service */,
				5B98F25D25BF44910021D989 /* Scene */,
				5B98F27125BF45B50021D989 /* ViewModel */,
				5B98F26825BF456C0021D989 /* ViewController */,
				5B98F28525BF516E0021D989 /* Model */,
				5B98F23F25BF43D40021D989 /* AppDelegate.swift */,
				5B98F24125BF43D40021D989 /* SceneDelegate.swift */,
				5B98F24525BF43D40021D989 /* Main.storyboard */,
				5B98F24A25BF43D70021D989 /* LaunchScreen.storyboard */,
				5B98F24825BF43D60021D989 /* Assets.xcassets */,
				5B98F24D25BF43D70021D989 /* Info.plist */,
			);
			path = RxFLO;
			sourceTree = "<group>";
		};
		5B98F25D25BF44910021D989 /* Scene */ = {
			isa = PBXGroup;
			children = (
				5B98F25E25BF44A50021D989 /* Scene.swift */,
				5B98F26225BF450C0021D989 /* SceneCoordinatorType.swift */,
				5B98F26525BF451D0021D989 /* SceneCoordinator.swift */,
				5B98F27625BF46970021D989 /* TransitionModel.swift */,
			);
			path = Scene;
			sourceTree = "<group>";
		};
		5B98F26825BF456C0021D989 /* ViewController */ = {
			isa = PBXGroup;
			children = (
				5B98F26E25BF45AC0021D989 /* MainMusicViewController.swift */,
				5B98F27A25BF48D00021D989 /* ViewModelBindableType.swift */,
			);
			path = ViewController;
			sourceTree = "<group>";
		};
		5B98F27125BF45B50021D989 /* ViewModel */ = {
			isa = PBXGroup;
			children = (
				5B98F27225BF45CE0021D989 /* MainMusicViewModel.swift */,
				5B98F27E25BF4A240021D989 /* CommonViewModel.swift */,
			);
			path = ViewModel;
			sourceTree = "<group>";
		};
		5B98F28125BF4FD20021D989 /* Service */ = {
			isa = PBXGroup;
			children = (
				5B98F28225BF4FF00021D989 /* MusicLoader.swift */,
			);
			path = Service;
			sourceTree = "<group>";
		};
		5B98F28525BF516E0021D989 /* Model */ = {
			isa = PBXGroup;
			children = (
				5B98F28625BF51840021D989 /* Music.swift */,
				5B98F28C25BF55FF0021D989 /* MusicPlayer.swift */,
			);
			path = Model;
			sourceTree = "<group>";
		};
		911E0E280D3659DDC82121C5 /* Frameworks */ = {
			isa = PBXGroup;
			children = (
				EA8BCCC92FE8B6BAE50E1EDF /* Pods_RxFLO.framework */,
			);
			name = Frameworks;
			sourceTree = "<group>";
		};
		D0039E422AA2D1FC6F7ED559 /* Pods */ = {
			isa = PBXGroup;
			children = (
				80622855149A6FF16E1D4710 /* Pods-RxFLO.debug.xcconfig */,
				AB5E61A6E83E81025EEB91D5 /* Pods-RxFLO.release.xcconfig */,
			);
			path = Pods;
			sourceTree = "<group>";
		};
/* End PBXGroup section */

/* Begin PBXNativeTarget section */
		5B98F23B25BF43D40021D989 /* RxFLO */ = {
			isa = PBXNativeTarget;
			buildConfigurationList = 5B98F25025BF43D70021D989 /* Build configuration list for PBXNativeTarget "RxFLO" */;
			buildPhases = (
				FECC1F8DD12D96C96E02E9CE /* [CP] Check Pods Manifest.lock */,
				5B98F23825BF43D40021D989 /* Sources */,
				5B98F23925BF43D40021D989 /* Frameworks */,
				5B98F23A25BF43D40021D989 /* Resources */,
				FB52BA3B3C9B095B5D94CF00 /* [CP] Embed Pods Frameworks */,
			);
			buildRules = (
			);
			dependencies = (
			);
			name = RxFLO;
			productName = RxFLO;
			productReference = 5B98F23C25BF43D40021D989 /* RxFLO.app */;
			productType = "com.apple.product-type.application";
		};
/* End PBXNativeTarget section */

/* Begin PBXProject section */
		5B98F23425BF43D40021D989 /* Project object */ = {
			isa = PBXProject;
			attributes = {
				LastSwiftUpdateCheck = 1230;
				LastUpgradeCheck = 1230;
				TargetAttributes = {
					5B98F23B25BF43D40021D989 = {
						CreatedOnToolsVersion = 12.3;
					};
				};
			};
			buildConfigurationList = 5B98F23725BF43D40021D989 /* Build configuration list for PBXProject "RxFLO" */;
			compatibilityVersion = "Xcode 9.3";
			developmentRegion = en;
			hasScannedForEncodings = 0;
			knownRegions = (
				en,
				Base,
			);
			mainGroup = 5B98F23325BF43D40021D989;
			productRefGroup = 5B98F23D25BF43D40021D989 /* Products */;
			projectDirPath = "";
			projectRoot = "";
			targets = (
				5B98F23B25BF43D40021D989 /* RxFLO */,
			);
		};
/* End PBXProject section */

/* Begin PBXResourcesBuildPhase section */
		5B98F23A25BF43D40021D989 /* Resources */ = {
			isa = PBXResourcesBuildPhase;
			buildActionMask = 2147483647;
			files = (
				5B98F24C25BF43D70021D989 /* LaunchScreen.storyboard in Resources */,
				5B98F24925BF43D60021D989 /* Assets.xcassets in Resources */,
				5B98F24725BF43D40021D989 /* Main.storyboard in Resources */,
			);
			runOnlyForDeploymentPostprocessing = 0;
		};
/* End PBXResourcesBuildPhase section */

/* Begin PBXShellScriptBuildPhase section */
		FB52BA3B3C9B095B5D94CF00 /* [CP] Embed Pods Frameworks */ = {
			isa = PBXShellScriptBuildPhase;
			buildActionMask = 2147483647;
			files = (
			);
			inputFileListPaths = (
				"${PODS_ROOT}/Target Support Files/Pods-RxFLO/Pods-RxFLO-frameworks-${CONFIGURATION}-input-files.xcfilelist",
			);
			name = "[CP] Embed Pods Frameworks";
			outputFileListPaths = (
				"${PODS_ROOT}/Target Support Files/Pods-RxFLO/Pods-RxFLO-frameworks-${CONFIGURATION}-output-files.xcfilelist",
			);
			runOnlyForDeploymentPostprocessing = 0;
			shellPath = /bin/sh;
			shellScript = "\"${PODS_ROOT}/Target Support Files/Pods-RxFLO/Pods-RxFLO-frameworks.sh\"\n";
			showEnvVarsInLog = 0;
		};
		FECC1F8DD12D96C96E02E9CE /* [CP] Check Pods Manifest.lock */ = {
			isa = PBXShellScriptBuildPhase;
			buildActionMask = 2147483647;
			files = (
			);
			inputFileListPaths = (
			);
			inputPaths = (
				"${PODS_PODFILE_DIR_PATH}/Podfile.lock",
				"${PODS_ROOT}/Manifest.lock",
			);
			name = "[CP] Check Pods Manifest.lock";
			outputFileListPaths = (
			);
			outputPaths = (
				"$(DERIVED_FILE_DIR)/Pods-RxFLO-checkManifestLockResult.txt",
			);
			runOnlyForDeploymentPostprocessing = 0;
			shellPath = /bin/sh;
			shellScript = "diff \"${PODS_PODFILE_DIR_PATH}/Podfile.lock\" \"${PODS_ROOT}/Manifest.lock\" > /dev/null\nif [ $? != 0 ] ; then\n    # print error to STDERR\n    echo \"error: The sandbox is not in sync with the Podfile.lock. Run 'pod install' or update your CocoaPods installation.\" >&2\n    exit 1\nfi\n# This output is used by Xcode 'outputs' to avoid re-running this script phase.\necho \"SUCCESS\" > \"${SCRIPT_OUTPUT_FILE_0}\"\n";
			showEnvVarsInLog = 0;
		};
/* End PBXShellScriptBuildPhase section */

/* Begin PBXSourcesBuildPhase section */
		5B98F23825BF43D40021D989 /* Sources */ = {
			isa = PBXSourcesBuildPhase;
			buildActionMask = 2147483647;
			files = (
				5B98F28D25BF55FF0021D989 /* MusicPlayer.swift in Sources */,
				5B98F25F25BF44A50021D989 /* Scene.swift in Sources */,
				5B98F26325BF450C0021D989 /* SceneCoordinatorType.swift in Sources */,
				5B98F24025BF43D40021D989 /* AppDelegate.swift in Sources */,
				5B98F27B25BF48D00021D989 /* ViewModelBindableType.swift in Sources */,
				5B98F28325BF4FF00021D989 /* MusicLoader.swift in Sources */,
				5B98F27325BF45CE0021D989 /* MainMusicViewModel.swift in Sources */,
				5B98F27725BF46970021D989 /* TransitionModel.swift in Sources */,
				5B98F26625BF451D0021D989 /* SceneCoordinator.swift in Sources */,
				5B98F24225BF43D40021D989 /* SceneDelegate.swift in Sources */,
				5B98F26F25BF45AC0021D989 /* MainMusicViewController.swift in Sources */,
				5B98F27F25BF4A240021D989 /* CommonViewModel.swift in Sources */,
				5B98F28725BF51840021D989 /* Music.swift in Sources */,
			);
			runOnlyForDeploymentPostprocessing = 0;
		};
/* End PBXSourcesBuildPhase section */

/* Begin PBXVariantGroup section */
		5B98F24525BF43D40021D989 /* Main.storyboard */ = {
			isa = PBXVariantGroup;
			children = (
				5B98F24625BF43D40021D989 /* Base */,
			);
			name = Main.storyboard;
			sourceTree = "<group>";
		};
		5B98F24A25BF43D70021D989 /* LaunchScreen.storyboard */ = {
			isa = PBXVariantGroup;
			children = (
				5B98F24B25BF43D70021D989 /* Base */,
			);
			name = LaunchScreen.storyboard;
			sourceTree = "<group>";
		};
/* End PBXVariantGroup section */

/* Begin XCBuildConfiguration section */
		5B98F24E25BF43D70021D989 /* Debug */ = {
			isa = XCBuildConfiguration;
			buildSettings = {
				ALWAYS_SEARCH_USER_PATHS = NO;
				CLANG_ANALYZER_NONNULL = YES;
				CLANG_ANALYZER_NUMBER_OBJECT_CONVERSION = YES_AGGRESSIVE;
				CLANG_CXX_LANGUAGE_STANDARD = "gnu++14";
				CLANG_CXX_LIBRARY = "libc++";
				CLANG_ENABLE_MODULES = YES;
				CLANG_ENABLE_OBJC_ARC = YES;
				CLANG_ENABLE_OBJC_WEAK = YES;
				CLANG_WARN_BLOCK_CAPTURE_AUTORELEASING = YES;
				CLANG_WARN_BOOL_CONVERSION = YES;
				CLANG_WARN_COMMA = YES;
				CLANG_WARN_CONSTANT_CONVERSION = YES;
				CLANG_WARN_DEPRECATED_OBJC_IMPLEMENTATIONS = YES;
				CLANG_WARN_DIRECT_OBJC_ISA_USAGE = YES_ERROR;
				CLANG_WARN_DOCUMENTATION_COMMENTS = YES;
				CLANG_WARN_EMPTY_BODY = YES;
				CLANG_WARN_ENUM_CONVERSION = YES;
				CLANG_WARN_INFINITE_RECURSION = YES;
				CLANG_WARN_INT_CONVERSION = YES;
				CLANG_WARN_NON_LITERAL_NULL_CONVERSION = YES;
				CLANG_WARN_OBJC_IMPLICIT_RETAIN_SELF = YES;
				CLANG_WARN_OBJC_LITERAL_CONVERSION = YES;
				CLANG_WARN_OBJC_ROOT_CLASS = YES_ERROR;
				CLANG_WARN_QUOTED_INCLUDE_IN_FRAMEWORK_HEADER = YES;
				CLANG_WARN_RANGE_LOOP_ANALYSIS = YES;
				CLANG_WARN_STRICT_PROTOTYPES = YES;
				CLANG_WARN_SUSPICIOUS_MOVE = YES;
				CLANG_WARN_UNGUARDED_AVAILABILITY = YES_AGGRESSIVE;
				CLANG_WARN_UNREACHABLE_CODE = YES;
				CLANG_WARN__DUPLICATE_METHOD_MATCH = YES;
				COPY_PHASE_STRIP = NO;
				DEBUG_INFORMATION_FORMAT = dwarf;
				ENABLE_STRICT_OBJC_MSGSEND = YES;
				ENABLE_TESTABILITY = YES;
				GCC_C_LANGUAGE_STANDARD = gnu11;
				GCC_DYNAMIC_NO_PIC = NO;
				GCC_NO_COMMON_BLOCKS = YES;
				GCC_OPTIMIZATION_LEVEL = 0;
				GCC_PREPROCESSOR_DEFINITIONS = (
					"DEBUG=1",
					"$(inherited)",
				);
				GCC_WARN_64_TO_32_BIT_CONVERSION = YES;
				GCC_WARN_ABOUT_RETURN_TYPE = YES_ERROR;
				GCC_WARN_UNDECLARED_SELECTOR = YES;
				GCC_WARN_UNINITIALIZED_AUTOS = YES_AGGRESSIVE;
				GCC_WARN_UNUSED_FUNCTION = YES;
				GCC_WARN_UNUSED_VARIABLE = YES;
				IPHONEOS_DEPLOYMENT_TARGET = 14.3;
				MTL_ENABLE_DEBUG_INFO = INCLUDE_SOURCE;
				MTL_FAST_MATH = YES;
				ONLY_ACTIVE_ARCH = YES;
				SDKROOT = iphoneos;
				SWIFT_ACTIVE_COMPILATION_CONDITIONS = DEBUG;
				SWIFT_OPTIMIZATION_LEVEL = "-Onone";
			};
			name = Debug;
		};
		5B98F24F25BF43D70021D989 /* Release */ = {
			isa = XCBuildConfiguration;
			buildSettings = {
				ALWAYS_SEARCH_USER_PATHS = NO;
				CLANG_ANALYZER_NONNULL = YES;
				CLANG_ANALYZER_NUMBER_OBJECT_CONVERSION = YES_AGGRESSIVE;
				CLANG_CXX_LANGUAGE_STANDARD = "gnu++14";
				CLANG_CXX_LIBRARY = "libc++";
				CLANG_ENABLE_MODULES = YES;
				CLANG_ENABLE_OBJC_ARC = YES;
				CLANG_ENABLE_OBJC_WEAK = YES;
				CLANG_WARN_BLOCK_CAPTURE_AUTORELEASING = YES;
				CLANG_WARN_BOOL_CONVERSION = YES;
				CLANG_WARN_COMMA = YES;
				CLANG_WARN_CONSTANT_CONVERSION = YES;
				CLANG_WARN_DEPRECATED_OBJC_IMPLEMENTATIONS = YES;
				CLANG_WARN_DIRECT_OBJC_ISA_USAGE = YES_ERROR;
				CLANG_WARN_DOCUMENTATION_COMMENTS = YES;
				CLANG_WARN_EMPTY_BODY = YES;
				CLANG_WARN_ENUM_CONVERSION = YES;
				CLANG_WARN_INFINITE_RECURSION = YES;
				CLANG_WARN_INT_CONVERSION = YES;
				CLANG_WARN_NON_LITERAL_NULL_CONVERSION = YES;
				CLANG_WARN_OBJC_IMPLICIT_RETAIN_SELF = YES;
				CLANG_WARN_OBJC_LITERAL_CONVERSION = YES;
				CLANG_WARN_OBJC_ROOT_CLASS = YES_ERROR;
				CLANG_WARN_QUOTED_INCLUDE_IN_FRAMEWORK_HEADER = YES;
				CLANG_WARN_RANGE_LOOP_ANALYSIS = YES;
				CLANG_WARN_STRICT_PROTOTYPES = YES;
				CLANG_WARN_SUSPICIOUS_MOVE = YES;
				CLANG_WARN_UNGUARDED_AVAILABILITY = YES_AGGRESSIVE;
				CLANG_WARN_UNREACHABLE_CODE = YES;
				CLANG_WARN__DUPLICATE_METHOD_MATCH = YES;
				COPY_PHASE_STRIP = NO;
				DEBUG_INFORMATION_FORMAT = "dwarf-with-dsym";
				ENABLE_NS_ASSERTIONS = NO;
				ENABLE_STRICT_OBJC_MSGSEND = YES;
				GCC_C_LANGUAGE_STANDARD = gnu11;
				GCC_NO_COMMON_BLOCKS = YES;
				GCC_WARN_64_TO_32_BIT_CONVERSION = YES;
				GCC_WARN_ABOUT_RETURN_TYPE = YES_ERROR;
				GCC_WARN_UNDECLARED_SELECTOR = YES;
				GCC_WARN_UNINITIALIZED_AUTOS = YES_AGGRESSIVE;
				GCC_WARN_UNUSED_FUNCTION = YES;
				GCC_WARN_UNUSED_VARIABLE = YES;
				IPHONEOS_DEPLOYMENT_TARGET = 14.3;
				MTL_ENABLE_DEBUG_INFO = NO;
				MTL_FAST_MATH = YES;
				SDKROOT = iphoneos;
				SWIFT_COMPILATION_MODE = wholemodule;
				SWIFT_OPTIMIZATION_LEVEL = "-O";
				VALIDATE_PRODUCT = YES;
			};
			name = Release;
		};
		5B98F25125BF43D70021D989 /* Debug */ = {
			isa = XCBuildConfiguration;
			baseConfigurationReference = 80622855149A6FF16E1D4710 /* Pods-RxFLO.debug.xcconfig */;
			buildSettings = {
				ASSETCATALOG_COMPILER_APPICON_NAME = AppIcon;
				ASSETCATALOG_COMPILER_GLOBAL_ACCENT_COLOR_NAME = AccentColor;
				CODE_SIGN_STYLE = Automatic;
				DEVELOPMENT_TEAM = VDFGK9GV66;
				INFOPLIST_FILE = RxFLO/Info.plist;
				LD_RUNPATH_SEARCH_PATHS = (
					"$(inherited)",
					"@executable_path/Frameworks",
				);
				PRODUCT_BUNDLE_IDENTIFIER = none.RxFLO;
				PRODUCT_NAME = "$(TARGET_NAME)";
				SWIFT_VERSION = 5.0;
				TARGETED_DEVICE_FAMILY = "1,2";
			};
			name = Debug;
		};
		5B98F25225BF43D70021D989 /* Release */ = {
			isa = XCBuildConfiguration;
			baseConfigurationReference = AB5E61A6E83E81025EEB91D5 /* Pods-RxFLO.release.xcconfig */;
			buildSettings = {
				ASSETCATALOG_COMPILER_APPICON_NAME = AppIcon;
				ASSETCATALOG_COMPILER_GLOBAL_ACCENT_COLOR_NAME = AccentColor;
				CODE_SIGN_STYLE = Automatic;
				DEVELOPMENT_TEAM = VDFGK9GV66;
				INFOPLIST_FILE = RxFLO/Info.plist;
				LD_RUNPATH_SEARCH_PATHS = (
					"$(inherited)",
					"@executable_path/Frameworks",
				);
				PRODUCT_BUNDLE_IDENTIFIER = none.RxFLO;
				PRODUCT_NAME = "$(TARGET_NAME)";
				SWIFT_VERSION = 5.0;
				TARGETED_DEVICE_FAMILY = "1,2";
			};
			name = Release;
		};
/* End XCBuildConfiguration section */

/* Begin XCConfigurationList section */
		5B98F23725BF43D40021D989 /* Build configuration list for PBXProject "RxFLO" */ = {
			isa = XCConfigurationList;
			buildConfigurations = (
				5B98F24E25BF43D70021D989 /* Debug */,
				5B98F24F25BF43D70021D989 /* Release */,
			);
			defaultConfigurationIsVisible = 0;
			defaultConfigurationName = Release;
		};
		5B98F25025BF43D70021D989 /* Build configuration list for PBXNativeTarget "RxFLO" */ = {
			isa = XCConfigurationList;
			buildConfigurations = (
				5B98F25125BF43D70021D989 /* Debug */,
				5B98F25225BF43D70021D989 /* Release */,
			);
			defaultConfigurationIsVisible = 0;
			defaultConfigurationName = Release;
		};
/* End XCConfigurationList section */
	};
	rootObject = 5B98F23425BF43D40021D989 /* Project object */;
}
